# THIS IS AN AUTOGENERATED FILE. DO NOT EDIT THIS FILE DIRECTLY.
# yarn lockfile v1


csv-stringify@^6.5.0:
  version "6.5.0"
  resolved "https://registry.yarnpkg.com/csv-stringify/-/csv-stringify-6.5.0.tgz#7b1491893c917e018a97de9bf9604e23b88647c2"
  integrity sha512-edlXFVKcUx7r8Vx5zQucsuMg4wb/xT6qyz+Sr1vnLrdXqlLD1+UKyWNyZ9zn6mUW1ewmGxrpVwAcChGF0HQ/2Q==
